{
  "name": "@over.ai/components",
  "version": "0.0.12",
  "lockfileVersion": 1,
  "requires": true,
  "dependencies": {
    "@stencil/core": {
      "version": "1.1.6",
      "resolved": "https://registry.npmjs.org/@stencil/core/-/core-1.1.6.tgz",
      "integrity": "sha512-9sCcLfG5jo6ibusSAAqYzwDioJ7qThq+Jx+ENgapkm5aCUfUk56oEeWhmEPnkXlA9OblsbSX9l6tvy0Km1jQcw==",
      "dev": true,
      "requires": {
        "typescript": "3.5.2"
      }
    },
    "@stencil/sass": {
      "version": "0.2.3",
      "resolved": "https://registry.npmjs.org/@stencil/sass/-/sass-0.2.3.tgz",
      "integrity": "sha512-JmS0HQVZ+TuBdk+kvNkDJPQYLjC/sc3Ionsbo7/MccdSu7JLikdQ4JOdQClDMdaMV2m4jqHjlQMpxMtOWLf7CQ=="
    },
    "typescript": {
      "version": "3.5.2",
      "resolved": "https://registry.npmjs.org/typescript/-/typescript-3.5.2.tgz",
      "integrity": "sha512-7KxJovlYhTX5RaRbUdkAXN1KUZ8PwWlTzQdHV6xNqvuFOs7+WBo10TQUqT19Q/Jz2hk5v9TQDIhyLhhJY4p5AA==",
      "dev": true
    }
  }
}
